
Microsoft Visual Studio Solution File, Format Version 12.00
# Visual Studio Version 16
VisualStudioVersion = 16.0.31729.503
MinimumVisualStudioVersion = 10.0.40219.1
Project("{FAE04EC0-301F-11D3-BF4B-00C04F79EFBC}") = "REMqMEC.WebAPI", "REMqMEC.WebAPI\REMqMEC.WebAPI.csproj", "{6646BFD7-85B2-4786-A270-90FCA19EC8CE}"
EndProject
Global
	GlobalSection(SolutionConfigurationPlatforms) = preSolution
		Debug|Any CPU = Debug|Any CPU
		Release|Any CPU = Release|Any CPU
	EndGlobalSection
	GlobalSection(ProjectConfigurationPlatforms) = postSolution
		{6646BFD7-85B2-4786-A270-90FCA19EC8CE}.Debug|Any CPU.ActiveCfg = Debug|Any CPU
		{6646BFD7-85B2-4786-A270-90FCA19EC8CE}.Debug|Any CPU.Build.0 = Debug|Any CPU
		{6646BFD7-85B2-4786-A270-90FCA19EC8CE}.Release|Any CPU.ActiveCfg = Release|Any CPU
		{6646BFD7-85B2-4786-A270-90FCA19EC8CE}.Release|Any CPU.Build.0 = Release|Any CPU
	EndGlobalSection
	GlobalSection(SolutionProperties) = preSolution
		HideSolutionNode = FALSE
	EndGlobalSection
	GlobalSection(ExtensibilityGlobals) = postSolution
		SolutionGuid = {396A1F16-5081-40C9-990C-3601004A369B}
	EndGlobalSection
EndGlobal
